# This file is autogenerated, do not edit; changes may be undone by the next 'dep ensure'.


[[projects]]
  branch = "master"
  name = "github.com/mitchellh/mapstructure"
  packages = ["."]
  revision = "00c29f56e2386353d58c599509e8dc3801b0d716"

[solve-meta]
  analyzer-name = "dep"
  analyzer-version = 1
  inputs-digest = "b4a45c93927105e6dd2005fc9e2c1bf8e5e8f973e8b5bcc7f72bb6c4601155d9"
  solver-name = "gps-cdcl"
  solver-version = 1
